// !$*UTF8*$!
{
	archiveVersion = 1;
	classes = {
	};
	objectVersion = 77;
	objects = {

/* Begin PBXBuildFile section */
		1D48EC422E00798400984669 /* LoginVC.swift in Sources */ = {isa = PBXBuildFile; fileRef = 1D48EC412E00798400984669 /* LoginVC.swift */; };
		1D48EC442E007A7E00984669 /* LoginVM.swift in Sources */ = {isa = PBXBuildFile; fileRef = 1D48EC432E007A7E00984669 /* LoginVM.swift */; };
		1D48EC462E009C8B00984669 /* LoginResponseModel.swift in Sources */ = {isa = PBXBuildFile; fileRef = 1D48EC452E009C8B00984669 /* LoginResponseModel.swift */; };
		1D48EC492E00BECC00984669 /* ProductApiService.swift in Sources */ = {isa = PBXBuildFile; fileRef = 1D48EC482E00BECC00984669 /* ProductApiService.swift */; };
		1D48EC4C2E00C10A00984669 /* AllProductModelElement.swift in Sources */ = {isa = PBXBuildFile; fileRef = 1D48EC4B2E00C10A00984669 /* AllProductModelElement.swift */; };
		1D48EC4F2E00C24C00984669 /* ProductVM.swift in Sources */ = {isa = PBXBuildFile; fileRef = 1D48EC4E2E00C24C00984669 /* ProductVM.swift */; };
		1D48EC552E00CBB500984669 /* ProductTVC.xib in Resources */ = {isa = PBXBuildFile; fileRef = 1D48EC542E00CBB500984669 /* ProductTVC.xib */; };
		1D48EC562E00CBB500984669 /* ProductTVC.swift in Sources */ = {isa = PBXBuildFile; fileRef = 1D48EC532E00CBB500984669 /* ProductTVC.swift */; };
		1D48EC5E2E01472000984669 /* MultiSelectDropdown.swift in Sources */ = {isa = PBXBuildFile; fileRef = 1D48EC5D2E01472000984669 /* MultiSelectDropdown.swift */; };
		1D48EC602E0166D500984669 /* CreateProductVC.swift in Sources */ = {isa = PBXBuildFile; fileRef = 1D48EC5F2E0166D500984669 /* CreateProductVC.swift */; };
		1D48EC622E020DA100984669 /* CreateProductVM.swift in Sources */ = {isa = PBXBuildFile; fileRef = 1D48EC612E020DA100984669 /* CreateProductVM.swift */; };
		1D48EC642E021FA500984669 /* ProductCategoriesModelElement.swift in Sources */ = {isa = PBXBuildFile; fileRef = 1D48EC632E021FA500984669 /* ProductCategoriesModelElement.swift */; };
		1D48EC662E02B44700984669 /* EditProductVC.swift in Sources */ = {isa = PBXBuildFile; fileRef = 1D48EC652E02B44700984669 /* EditProductVC.swift */; };
		1D496D3A2DFD56A1002C5926 /* AppDelegate.swift in Sources */ = {isa = PBXBuildFile; fileRef = 1D496D2E2DFD56A1002C5926 /* AppDelegate.swift */; };
		1D496D3B2DFD56A1002C5926 /* SceneDelegate.swift in Sources */ = {isa = PBXBuildFile; fileRef = 1D496D352DFD56A1002C5926 /* SceneDelegate.swift */; };
		1D496D3C2DFD56A1002C5926 /* StoryboardInstantiable.swift in Sources */ = {isa = PBXBuildFile; fileRef = 1D496D362DFD56A1002C5926 /* StoryboardInstantiable.swift */; };
		1D496D3E2DFD56A1002C5926 /* Assets.xcassets in Resources */ = {isa = PBXBuildFile; fileRef = 1D496D2F2DFD56A1002C5926 /* Assets.xcassets */; };
		1D496D402DFD56A1002C5926 /* LaunchScreen.storyboard in Resources */ = {isa = PBXBuildFile; fileRef = 1D496D322DFD56A1002C5926 /* LaunchScreen.storyboard */; };
		1D496D412DFD56A1002C5926 /* Main.storyboard in Resources */ = {isa = PBXBuildFile; fileRef = 1D496D342DFD56A1002C5926 /* Main.storyboard */; };
		1D496D472DFD5762002C5926 /* Product.storyboard in Resources */ = {isa = PBXBuildFile; fileRef = 1D496D462DFD5762002C5926 /* Product.storyboard */; };
		1D496D4A2DFD57FD002C5926 /* ProductVC.swift in Sources */ = {isa = PBXBuildFile; fileRef = 1D496D492DFD57FD002C5926 /* ProductVC.swift */; };
		1D496D4C2DFD58D5002C5926 /* MainVC.swift in Sources */ = {isa = PBXBuildFile; fileRef = 1D496D4B2DFD58D5002C5926 /* MainVC.swift */; };
		1DD4AB4B2DFECEDA00F54D77 /* AuthApiSevice.swift in Sources */ = {isa = PBXBuildFile; fileRef = 1DD4AB4A2DFECEDA00F54D77 /* AuthApiSevice.swift */; };
		1DD4AB542DFED62900F54D77 /* AlamofireExt.swift in Sources */ = {isa = PBXBuildFile; fileRef = 1DD4AB532DFED62900F54D77 /* AlamofireExt.swift */; };
		1DD4AB562DFED6C400F54D77 /* ApiService.swift in Sources */ = {isa = PBXBuildFile; fileRef = 1DD4AB552DFED6C400F54D77 /* ApiService.swift */; };
		1DD4AB582DFEDA5B00F54D77 /* Api.swift in Sources */ = {isa = PBXBuildFile; fileRef = 1DD4AB572DFEDA5B00F54D77 /* Api.swift */; };
		1DD4AB5A2DFEDE8000F54D77 /* RegisterUserModel.swift in Sources */ = {isa = PBXBuildFile; fileRef = 1DD4AB592DFEDE8000F54D77 /* RegisterUserModel.swift */; };
		1DD4AB5C2DFEDF7600F54D77 /* Extensions.swift in Sources */ = {isa = PBXBuildFile; fileRef = 1DD4AB5B2DFEDF7600F54D77 /* Extensions.swift */; };
		1DD4AB5E2DFEE09400F54D77 /* AuthVM.swift in Sources */ = {isa = PBXBuildFile; fileRef = 1DD4AB5D2DFEE09400F54D77 /* AuthVM.swift */; };
		1DD4AB602DFEE0F900F54D77 /* CommonViewModelDelegate.swift in Sources */ = {isa = PBXBuildFile; fileRef = 1DD4AB5F2DFEE0F900F54D77 /* CommonViewModelDelegate.swift */; };
		1DD4AB642DFF387000F54D77 /* Auth.storyboard in Resources */ = {isa = PBXBuildFile; fileRef = 1DD4AB632DFF387000F54D77 /* Auth.storyboard */; };
		1DD4AB662DFF388000F54D77 /* AuthVC.swift in Sources */ = {isa = PBXBuildFile; fileRef = 1DD4AB652DFF388000F54D77 /* AuthVC.swift */; };
		B360FF668159B40C4F173BDA /* Pods_Teebay.framework in Frameworks */ = {isa = PBXBuildFile; fileRef = DC44819F879E9FC7923A27FD /* Pods_Teebay.framework */; };
/* End PBXBuildFile section */

/* Begin PBXFileReference section */
		1D09AF272DFC7C2900776967 /* Teebay.app */ = {isa = PBXFileReference; explicitFileType = wrapper.application; includeInIndex = 0; path = Teebay.app; sourceTree = BUILT_PRODUCTS_DIR; };
		1D48EC412E00798400984669 /* LoginVC.swift */ = {isa = PBXFileReference; lastKnownFileType = sourcecode.swift; path = LoginVC.swift; sourceTree = "<group>"; };
		1D48EC432E007A7E00984669 /* LoginVM.swift */ = {isa = PBXFileReference; lastKnownFileType = sourcecode.swift; path = LoginVM.swift; sourceTree = "<group>"; };
		1D48EC452E009C8B00984669 /* LoginResponseModel.swift */ = {isa = PBXFileReference; lastKnownFileType = sourcecode.swift; path = LoginResponseModel.swift; sourceTree = "<group>"; };
		1D48EC482E00BECC00984669 /* ProductApiService.swift */ = {isa = PBXFileReference; lastKnownFileType = sourcecode.swift; path = ProductApiService.swift; sourceTree = "<group>"; };
		1D48EC4B2E00C10A00984669 /* AllProductModelElement.swift */ = {isa = PBXFileReference; lastKnownFileType = sourcecode.swift; path = AllProductModelElement.swift; sourceTree = "<group>"; };
		1D48EC4E2E00C24C00984669 /* ProductVM.swift */ = {isa = PBXFileReference; lastKnownFileType = sourcecode.swift; path = ProductVM.swift; sourceTree = "<group>"; };
		1D48EC532E00CBB500984669 /* ProductTVC.swift */ = {isa = PBXFileReference; lastKnownFileType = sourcecode.swift; path = ProductTVC.swift; sourceTree = "<group>"; };
		1D48EC542E00CBB500984669 /* ProductTVC.xib */ = {isa = PBXFileReference; lastKnownFileType = file.xib; path = ProductTVC.xib; sourceTree = "<group>"; };
		1D48EC5D2E01472000984669 /* MultiSelectDropdown.swift */ = {isa = PBXFileReference; lastKnownFileType = sourcecode.swift; path = MultiSelectDropdown.swift; sourceTree = "<group>"; };
		1D48EC5F2E0166D500984669 /* CreateProductVC.swift */ = {isa = PBXFileReference; lastKnownFileType = sourcecode.swift; path = CreateProductVC.swift; sourceTree = "<group>"; };
		1D48EC612E020DA100984669 /* CreateProductVM.swift */ = {isa = PBXFileReference; lastKnownFileType = sourcecode.swift; path = CreateProductVM.swift; sourceTree = "<group>"; };
		1D48EC632E021FA500984669 /* ProductCategoriesModelElement.swift */ = {isa = PBXFileReference; lastKnownFileType = sourcecode.swift; path = ProductCategoriesModelElement.swift; sourceTree = "<group>"; };
		1D48EC652E02B44700984669 /* EditProductVC.swift */ = {isa = PBXFileReference; lastKnownFileType = sourcecode.swift; path = EditProductVC.swift; sourceTree = "<group>"; };
		1D496D2E2DFD56A1002C5926 /* AppDelegate.swift */ = {isa = PBXFileReference; lastKnownFileType = sourcecode.swift; path = AppDelegate.swift; sourceTree = "<group>"; };
		1D496D2F2DFD56A1002C5926 /* Assets.xcassets */ = {isa = PBXFileReference; lastKnownFileType = folder.assetcatalog; path = Assets.xcassets; sourceTree = "<group>"; };
		1D496D302DFD56A1002C5926 /* Info.plist */ = {isa = PBXFileReference; lastKnownFileType = text.plist.xml; path = Info.plist; sourceTree = "<group>"; };
		1D496D312DFD56A1002C5926 /* Base */ = {isa = PBXFileReference; lastKnownFileType = file.storyboard; name = Base; path = Base.lproj/LaunchScreen.storyboard; sourceTree = "<group>"; };
		1D496D332DFD56A1002C5926 /* Base */ = {isa = PBXFileReference; lastKnownFileType = file.storyboard; name = Base; path = Base.lproj/Main.storyboard; sourceTree = "<group>"; };
		1D496D352DFD56A1002C5926 /* SceneDelegate.swift */ = {isa = PBXFileReference; lastKnownFileType = sourcecode.swift; path = SceneDelegate.swift; sourceTree = "<group>"; };
		1D496D362DFD56A1002C5926 /* StoryboardInstantiable.swift */ = {isa = PBXFileReference; lastKnownFileType = sourcecode.swift; path = StoryboardInstantiable.swift; sourceTree = "<group>"; };
		1D496D462DFD5762002C5926 /* Product.storyboard */ = {isa = PBXFileReference; lastKnownFileType = file.storyboard; path = Product.storyboard; sourceTree = "<group>"; };
		1D496D492DFD57FD002C5926 /* ProductVC.swift */ = {isa = PBXFileReference; lastKnownFileType = sourcecode.swift; path = ProductVC.swift; sourceTree = "<group>"; };
		1D496D4B2DFD58D5002C5926 /* MainVC.swift */ = {isa = PBXFileReference; lastKnownFileType = sourcecode.swift; path = MainVC.swift; sourceTree = "<group>"; };
		1DD4AB4A2DFECEDA00F54D77 /* AuthApiSevice.swift */ = {isa = PBXFileReference; lastKnownFileType = sourcecode.swift; path = AuthApiSevice.swift; sourceTree = "<group>"; };
		1DD4AB532DFED62900F54D77 /* AlamofireExt.swift */ = {isa = PBXFileReference; lastKnownFileType = sourcecode.swift; path = AlamofireExt.swift; sourceTree = "<group>"; };
		1DD4AB552DFED6C400F54D77 /* ApiService.swift */ = {isa = PBXFileReference; lastKnownFileType = sourcecode.swift; path = ApiService.swift; sourceTree = "<group>"; };
		1DD4AB572DFEDA5B00F54D77 /* Api.swift */ = {isa = PBXFileReference; lastKnownFileType = sourcecode.swift; path = Api.swift; sourceTree = "<group>"; };
		1DD4AB592DFEDE8000F54D77 /* RegisterUserModel.swift */ = {isa = PBXFileReference; lastKnownFileType = sourcecode.swift; path = RegisterUserModel.swift; sourceTree = "<group>"; };
		1DD4AB5B2DFEDF7600F54D77 /* Extensions.swift */ = {isa = PBXFileReference; lastKnownFileType = sourcecode.swift; path = Extensions.swift; sourceTree = "<group>"; };
		1DD4AB5D2DFEE09400F54D77 /* AuthVM.swift */ = {isa = PBXFileReference; lastKnownFileType = sourcecode.swift; path = AuthVM.swift; sourceTree = "<group>"; };
		1DD4AB5F2DFEE0F900F54D77 /* CommonViewModelDelegate.swift */ = {isa = PBXFileReference; lastKnownFileType = sourcecode.swift; path = CommonViewModelDelegate.swift; sourceTree = "<group>"; };
		1DD4AB632DFF387000F54D77 /* Auth.storyboard */ = {isa = PBXFileReference; lastKnownFileType = file.storyboard; path = Auth.storyboard; sourceTree = "<group>"; };
		1DD4AB652DFF388000F54D77 /* AuthVC.swift */ = {isa = PBXFileReference; lastKnownFileType = sourcecode.swift; path = AuthVC.swift; sourceTree = "<group>"; };
		5714A59A607133AAE92F5FAA /* Pods-Teebay.release.xcconfig */ = {isa = PBXFileReference; includeInIndex = 1; lastKnownFileType = text.xcconfig; name = "Pods-Teebay.release.xcconfig"; path = "Target Support Files/Pods-Teebay/Pods-Teebay.release.xcconfig"; sourceTree = "<group>"; };
		A29CEAFB4A56E94042E45483 /* Pods-Teebay.debug.xcconfig */ = {isa = PBXFileReference; includeInIndex = 1; lastKnownFileType = text.xcconfig; name = "Pods-Teebay.debug.xcconfig"; path = "Target Support Files/Pods-Teebay/Pods-Teebay.debug.xcconfig"; sourceTree = "<group>"; };
		DC44819F879E9FC7923A27FD /* Pods_Teebay.framework */ = {isa = PBXFileReference; explicitFileType = wrapper.framework; includeInIndex = 0; path = Pods_Teebay.framework; sourceTree = BUILT_PRODUCTS_DIR; };
/* End PBXFileReference section */

/* Begin PBXFrameworksBuildPhase section */
		1D09AF242DFC7C2900776967 /* Frameworks */ = {
			isa = PBXFrameworksBuildPhase;
			buildActionMask = 2147483647;
			files = (
				B360FF668159B40C4F173BDA /* Pods_Teebay.framework in Frameworks */,
			);
			runOnlyForDeploymentPostprocessing = 0;
		};
/* End PBXFrameworksBuildPhase section */

/* Begin PBXGroup section */
		1D09AF1E2DFC7C2900776967 = {
			isa = PBXGroup;
			children = (
				1D496D392DFD56A1002C5926 /* Teebay */,
				1D09AF282DFC7C2900776967 /* Products */,
				AF6853BF7209E6087D6287FF /* Pods */,
				A482EB598F32D8EDA1C4E4C5 /* Frameworks */,
			);
			sourceTree = "<group>";
		};
		1D09AF282DFC7C2900776967 /* Products */ = {
			isa = PBXGroup;
			children = (
				1D09AF272DFC7C2900776967 /* Teebay.app */,
			);
			name = Products;
			sourceTree = "<group>";
		};
		1D48EC472E00BE7400984669 /* Service */ = {
			isa = PBXGroup;
			children = (
				1D48EC482E00BECC00984669 /* ProductApiService.swift */,
			);
			path = Service;
			sourceTree = "<group>";
		};
		1D48EC4A2E00C0F700984669 /* Model */ = {
			isa = PBXGroup;
			children = (
				1D48EC632E021FA500984669 /* ProductCategoriesModelElement.swift */,
				1D48EC4B2E00C10A00984669 /* AllProductModelElement.swift */,
			);
			path = Model;
			sourceTree = "<group>";
		};
		1D48EC4D2E00C22500984669 /* ViewModel */ = {
			isa = PBXGroup;
			children = (
				1D48EC4E2E00C24C00984669 /* ProductVM.swift */,
				1D48EC612E020DA100984669 /* CreateProductVM.swift */,
			);
			path = ViewModel;
			sourceTree = "<group>";
		};
		1D48EC522E00CB7800984669 /* Cell */ = {
			isa = PBXGroup;
			children = (
				1D48EC532E00CBB500984669 /* ProductTVC.swift */,
				1D48EC542E00CBB500984669 /* ProductTVC.xib */,
			);
			path = Cell;
			sourceTree = "<group>";
		};
		1D496D382DFD56A1002C5926 /* Root */ = {
			isa = PBXGroup;
			children = (
				1D496D2E2DFD56A1002C5926 /* AppDelegate.swift */,
				1D496D2F2DFD56A1002C5926 /* Assets.xcassets */,
				1D496D302DFD56A1002C5926 /* Info.plist */,
				1D496D322DFD56A1002C5926 /* LaunchScreen.storyboard */,
				1D496D342DFD56A1002C5926 /* Main.storyboard */,
				1D496D352DFD56A1002C5926 /* SceneDelegate.swift */,
				1D496D362DFD56A1002C5926 /* StoryboardInstantiable.swift */,
				1D496D4B2DFD58D5002C5926 /* MainVC.swift */,
			);
			path = Root;
			sourceTree = "<group>";
		};
		1D496D392DFD56A1002C5926 /* Teebay */ = {
			isa = PBXGroup;
			children = (
				1DD4AB522DFED60A00F54D77 /* Utility */,
				1DD4AB3E2DFECE5700F54D77 /* Auth */,
				1D496D432DFD5717002C5926 /* Product */,
				1D496D382DFD56A1002C5926 /* Root */,
			);
			path = Teebay;
			sourceTree = "<group>";
		};
		1D496D432DFD5717002C5926 /* Product */ = {
			isa = PBXGroup;
			children = (
				1D48EC4D2E00C22500984669 /* ViewModel */,
				1D48EC4A2E00C0F700984669 /* Model */,
				1D48EC472E00BE7400984669 /* Service */,
				1D496D442DFD5745002C5926 /* View */,
			);
			path = Product;
			sourceTree = "<group>";
		};
		1D496D442DFD5745002C5926 /* View */ = {
			isa = PBXGroup;
			children = (
				1D48EC522E00CB7800984669 /* Cell */,
				1D496D482DFD57DF002C5926 /* VC */,
				1D496D452DFD574E002C5926 /* Storyboard */,
			);
			path = View;
			sourceTree = "<group>";
		};
		1D496D452DFD574E002C5926 /* Storyboard */ = {
			isa = PBXGroup;
			children = (
				1D496D462DFD5762002C5926 /* Product.storyboard */,
			);
			path = Storyboard;
			sourceTree = "<group>";
		};
		1D496D482DFD57DF002C5926 /* VC */ = {
			isa = PBXGroup;
			children = (
				1D496D492DFD57FD002C5926 /* ProductVC.swift */,
				1D48EC5F2E0166D500984669 /* CreateProductVC.swift */,
				1D48EC652E02B44700984669 /* EditProductVC.swift */,
			);
			path = VC;
			sourceTree = "<group>";
		};
		1DD4AB3E2DFECE5700F54D77 /* Auth */ = {
			isa = PBXGroup;
			children = (
				1DD4AB492DFECEC100F54D77 /* Service */,
				1DD4AB482DFECEBA00F54D77 /* View */,
				1DD4AB402DFECE6700F54D77 /* ViewModel */,
				1DD4AB3F2DFECE5F00F54D77 /* Model */,
			);
			path = Auth;
			sourceTree = "<group>";
		};
		1DD4AB3F2DFECE5F00F54D77 /* Model */ = {
			isa = PBXGroup;
			children = (
				1D48EC452E009C8B00984669 /* LoginResponseModel.swift */,
				1DD4AB592DFEDE8000F54D77 /* RegisterUserModel.swift */,
			);
			path = Model;
			sourceTree = "<group>";
		};
		1DD4AB402DFECE6700F54D77 /* ViewModel */ = {
			isa = PBXGroup;
			children = (
				1DD4AB5D2DFEE09400F54D77 /* AuthVM.swift */,
				1D48EC432E007A7E00984669 /* LoginVM.swift */,
			);
			path = ViewModel;
			sourceTree = "<group>";
		};
		1DD4AB482DFECEBA00F54D77 /* View */ = {
			isa = PBXGroup;
			children = (
				1DD4AB622DFF385000F54D77 /* ViewController */,
				1DD4AB612DFF384400F54D77 /* Storyboard */,
			);
			path = View;
			sourceTree = "<group>";
		};
		1DD4AB492DFECEC100F54D77 /* Service */ = {
			isa = PBXGroup;
			children = (
				1DD4AB4A2DFECEDA00F54D77 /* AuthApiSevice.swift */,
			);
			path = Service;
			sourceTree = "<group>";
		};
		1DD4AB522DFED60A00F54D77 /* Utility */ = {
			isa = PBXGroup;
			children = (
				1D48EC5D2E01472000984669 /* MultiSelectDropdown.swift */,
				1DD4AB5F2DFEE0F900F54D77 /* CommonViewModelDelegate.swift */,
				1DD4AB5B2DFEDF7600F54D77 /* Extensions.swift */,
				1DD4AB552DFED6C400F54D77 /* ApiService.swift */,
				1DD4AB532DFED62900F54D77 /* AlamofireExt.swift */,
				1DD4AB572DFEDA5B00F54D77 /* Api.swift */,
			);
			path = Utility;
			sourceTree = "<group>";
		};
		1DD4AB612DFF384400F54D77 /* Storyboard */ = {
			isa = PBXGroup;
			children = (
				1DD4AB632DFF387000F54D77 /* Auth.storyboard */,
			);
			path = Storyboard;
			sourceTree = "<group>";
		};
		1DD4AB622DFF385000F54D77 /* ViewController */ = {
			isa = PBXGroup;
			children = (
				1DD4AB652DFF388000F54D77 /* AuthVC.swift */,
				1D48EC412E00798400984669 /* LoginVC.swift */,
			);
			path = ViewController;
			sourceTree = "<group>";
		};
		A482EB598F32D8EDA1C4E4C5 /* Frameworks */ = {
			isa = PBXGroup;
			children = (
				DC44819F879E9FC7923A27FD /* Pods_Teebay.framework */,
			);
			name = Frameworks;
			sourceTree = "<group>";
		};
		AF6853BF7209E6087D6287FF /* Pods */ = {
			isa = PBXGroup;
			children = (
				A29CEAFB4A56E94042E45483 /* Pods-Teebay.debug.xcconfig */,
				5714A59A607133AAE92F5FAA /* Pods-Teebay.release.xcconfig */,
			);
			path = Pods;
			sourceTree = "<group>";
		};
/* End PBXGroup section */

/* Begin PBXNativeTarget section */
		1D09AF262DFC7C2900776967 /* Teebay */ = {
			isa = PBXNativeTarget;
			buildConfigurationList = 1D09AF3A2DFC7C2A00776967 /* Build configuration list for PBXNativeTarget "Teebay" */;
			buildPhases = (
				FDCA17306B2276AC601F1D58 /* [CP] Check Pods Manifest.lock */,
				1D09AF232DFC7C2900776967 /* Sources */,
				1D09AF242DFC7C2900776967 /* Frameworks */,
				1D09AF252DFC7C2900776967 /* Resources */,
				DB665F66B2912F2162DBE991 /* [CP] Embed Pods Frameworks */,
			);
			buildRules = (
			);
			dependencies = (
			);
			name = Teebay;
			productName = Teebay;
			productReference = 1D09AF272DFC7C2900776967 /* Teebay.app */;
			productType = "com.apple.product-type.application";
		};
/* End PBXNativeTarget section */

/* Begin PBXProject section */
		1D09AF1F2DFC7C2900776967 /* Project object */ = {
			isa = PBXProject;
			attributes = {
				BuildIndependentTargetsInParallel = 1;
				LastSwiftUpdateCheck = 1630;
				LastUpgradeCheck = 1630;
				TargetAttributes = {
					1D09AF262DFC7C2900776967 = {
						CreatedOnToolsVersion = 16.3;
					};
				};
			};
			buildConfigurationList = 1D09AF222DFC7C2900776967 /* Build configuration list for PBXProject "Teebay" */;
			developmentRegion = en;
			hasScannedForEncodings = 0;
			knownRegions = (
				en,
				Base,
			);
			mainGroup = 1D09AF1E2DFC7C2900776967;
			minimizedProjectReferenceProxies = 1;
			preferredProjectObjectVersion = 77;
			productRefGroup = 1D09AF282DFC7C2900776967 /* Products */;
			projectDirPath = "";
			projectRoot = "";
			targets = (
				1D09AF262DFC7C2900776967 /* Teebay */,
			);
		};
/* End PBXProject section */

/* Begin PBXResourcesBuildPhase section */
		1D09AF252DFC7C2900776967 /* Resources */ = {
			isa = PBXResourcesBuildPhase;
			buildActionMask = 2147483647;
			files = (
				1D496D3E2DFD56A1002C5926 /* Assets.xcassets in Resources */,
				1D496D402DFD56A1002C5926 /* LaunchScreen.storyboard in Resources */,
				1DD4AB642DFF387000F54D77 /* Auth.storyboard in Resources */,
				1D48EC552E00CBB500984669 /* ProductTVC.xib in Resources */,
				1D496D472DFD5762002C5926 /* Product.storyboard in Resources */,
				1D496D412DFD56A1002C5926 /* Main.storyboard in Resources */,
			);
			runOnlyForDeploymentPostprocessing = 0;
		};
/* End PBXResourcesBuildPhase section */

/* Begin PBXShellScriptBuildPhase section */
		DB665F66B2912F2162DBE991 /* [CP] Embed Pods Frameworks */ = {
			isa = PBXShellScriptBuildPhase;
			buildActionMask = 2147483647;
			files = (
			);
			inputFileListPaths = (
				"${PODS_ROOT}/Target Support Files/Pods-Teebay/Pods-Teebay-frameworks-${CONFIGURATION}-input-files.xcfilelist",
			);
			inputPaths = (
			);
			name = "[CP] Embed Pods Frameworks";
			outputFileListPaths = (
				"${PODS_ROOT}/Target Support Files/Pods-Teebay/Pods-Teebay-frameworks-${CONFIGURATION}-output-files.xcfilelist",
			);
			outputPaths = (
			);
			runOnlyForDeploymentPostprocessing = 0;
			shellPath = /bin/sh;
			shellScript = "\"${PODS_ROOT}/Target Support Files/Pods-Teebay/Pods-Teebay-frameworks.sh\"\n";
			showEnvVarsInLog = 0;
		};
		FDCA17306B2276AC601F1D58 /* [CP] Check Pods Manifest.lock */ = {
			isa = PBXShellScriptBuildPhase;
			buildActionMask = 2147483647;
			files = (
			);
			inputFileListPaths = (
			);
			inputPaths = (
				"${PODS_PODFILE_DIR_PATH}/Podfile.lock",
				"${PODS_ROOT}/Manifest.lock",
			);
			name = "[CP] Check Pods Manifest.lock";
			outputFileListPaths = (
			);
			outputPaths = (
				"$(DERIVED_FILE_DIR)/Pods-Teebay-checkManifestLockResult.txt",
			);
			runOnlyForDeploymentPostprocessing = 0;
			shellPath = /bin/sh;
			shellScript = "diff \"${PODS_PODFILE_DIR_PATH}/Podfile.lock\" \"${PODS_ROOT}/Manifest.lock\" > /dev/null\nif [ $? != 0 ] ; then\n    # print error to STDERR\n    echo \"error: The sandbox is not in sync with the Podfile.lock. Run 'pod install' or update your CocoaPods installation.\" >&2\n    exit 1\nfi\n# This output is used by Xcode 'outputs' to avoid re-running this script phase.\necho \"SUCCESS\" > \"${SCRIPT_OUTPUT_FILE_0}\"\n";
			showEnvVarsInLog = 0;
		};
/* End PBXShellScriptBuildPhase section */

/* Begin PBXSourcesBuildPhase section */
		1D09AF232DFC7C2900776967 /* Sources */ = {
			isa = PBXSourcesBuildPhase;
			buildActionMask = 2147483647;
			files = (
				1D48EC492E00BECC00984669 /* ProductApiService.swift in Sources */,
				1DD4AB4B2DFECEDA00F54D77 /* AuthApiSevice.swift in Sources */,
				1DD4AB5C2DFEDF7600F54D77 /* Extensions.swift in Sources */,
				1D496D3A2DFD56A1002C5926 /* AppDelegate.swift in Sources */,
				1D48EC662E02B44700984669 /* EditProductVC.swift in Sources */,
				1D496D4C2DFD58D5002C5926 /* MainVC.swift in Sources */,
				1D48EC442E007A7E00984669 /* LoginVM.swift in Sources */,
				1D48EC562E00CBB500984669 /* ProductTVC.swift in Sources */,
				1D48EC462E009C8B00984669 /* LoginResponseModel.swift in Sources */,
				1D48EC622E020DA100984669 /* CreateProductVM.swift in Sources */,
				1DD4AB662DFF388000F54D77 /* AuthVC.swift in Sources */,
				1D496D3B2DFD56A1002C5926 /* SceneDelegate.swift in Sources */,
				1D48EC602E0166D500984669 /* CreateProductVC.swift in Sources */,
				1D48EC5E2E01472000984669 /* MultiSelectDropdown.swift in Sources */,
				1DD4AB5E2DFEE09400F54D77 /* AuthVM.swift in Sources */,
				1D496D3C2DFD56A1002C5926 /* StoryboardInstantiable.swift in Sources */,
				1D48EC642E021FA500984669 /* ProductCategoriesModelElement.swift in Sources */,
				1DD4AB5A2DFEDE8000F54D77 /* RegisterUserModel.swift in Sources */,
				1DD4AB602DFEE0F900F54D77 /* CommonViewModelDelegate.swift in Sources */,
				1DD4AB562DFED6C400F54D77 /* ApiService.swift in Sources */,
				1D48EC4C2E00C10A00984669 /* AllProductModelElement.swift in Sources */,
				1DD4AB542DFED62900F54D77 /* AlamofireExt.swift in Sources */,
				1D496D4A2DFD57FD002C5926 /* ProductVC.swift in Sources */,
				1DD4AB582DFEDA5B00F54D77 /* Api.swift in Sources */,
				1D48EC4F2E00C24C00984669 /* ProductVM.swift in Sources */,
				1D48EC422E00798400984669 /* LoginVC.swift in Sources */,
			);
			runOnlyForDeploymentPostprocessing = 0;
		};
/* End PBXSourcesBuildPhase section */

/* Begin PBXVariantGroup section */
		1D496D322DFD56A1002C5926 /* LaunchScreen.storyboard */ = {
			isa = PBXVariantGroup;
			children = (
				1D496D312DFD56A1002C5926 /* Base */,
			);
			name = LaunchScreen.storyboard;
			sourceTree = "<group>";
		};
		1D496D342DFD56A1002C5926 /* Main.storyboard */ = {
			isa = PBXVariantGroup;
			children = (
				1D496D332DFD56A1002C5926 /* Base */,
			);
			name = Main.storyboard;
			sourceTree = "<group>";
		};
/* End PBXVariantGroup section */

/* Begin XCBuildConfiguration section */
		1D09AF3B2DFC7C2A00776967 /* Debug */ = {
			isa = XCBuildConfiguration;
			baseConfigurationReference = A29CEAFB4A56E94042E45483 /* Pods-Teebay.debug.xcconfig */;
			buildSettings = {
				ASSETCATALOG_COMPILER_APPICON_NAME = AppIcon;
				ASSETCATALOG_COMPILER_GLOBAL_ACCENT_COLOR_NAME = AccentColor;
				CODE_SIGN_IDENTITY = "Apple Development";
				CODE_SIGN_STYLE = Automatic;
				CURRENT_PROJECT_VERSION = 1;
				DEVELOPMENT_TEAM = W4X4G28K44;
				ENABLE_USER_SCRIPT_SANDBOXING = NO;
				GENERATE_INFOPLIST_FILE = YES;
				INFOPLIST_FILE = Teebay/Root/Info.plist;
				INFOPLIST_KEY_UIApplicationSupportsIndirectInputEvents = YES;
				INFOPLIST_KEY_UILaunchStoryboardName = LaunchScreen;
				INFOPLIST_KEY_UIMainStoryboardFile = Main;
				INFOPLIST_KEY_UISupportedInterfaceOrientations = UIInterfaceOrientationPortrait;
				INFOPLIST_KEY_UISupportedInterfaceOrientations_iPad = "UIInterfaceOrientationPortrait UIInterfaceOrientationPortraitUpsideDown";
				IPHONEOS_DEPLOYMENT_TARGET = 16.6;
				LD_RUNPATH_SEARCH_PATHS = (
					"$(inherited)",
					"@executable_path/Frameworks",
				);
				MARKETING_VERSION = 1.0;
				PRODUCT_BUNDLE_IDENTIFIER = DON.Teebay;
				PRODUCT_NAME = "$(TARGET_NAME)";
				PROVISIONING_PROFILE_SPECIFIER = "";
				SWIFT_EMIT_LOC_STRINGS = YES;
				SWIFT_VERSION = 5.0;
				TARGETED_DEVICE_FAMILY = "1,2";
			};
			name = Debug;
		};
		1D09AF3C2DFC7C2A00776967 /* Release */ = {
			isa = XCBuildConfiguration;
			baseConfigurationReference = 5714A59A607133AAE92F5FAA /* Pods-Teebay.release.xcconfig */;
			buildSettings = {
				ASSETCATALOG_COMPILER_APPICON_NAME = AppIcon;
				ASSETCATALOG_COMPILER_GLOBAL_ACCENT_COLOR_NAME = AccentColor;
				CODE_SIGN_IDENTITY = "Apple Development";
				CODE_SIGN_STYLE = Automatic;
				CURRENT_PROJECT_VERSION = 1;
				DEVELOPMENT_TEAM = W4X4G28K44;
				ENABLE_USER_SCRIPT_SANDBOXING = NO;
				GENERATE_INFOPLIST_FILE = YES;
				INFOPLIST_FILE = Teebay/Root/Info.plist;
				INFOPLIST_KEY_UIApplicationSupportsIndirectInputEvents = YES;
				INFOPLIST_KEY_UILaunchStoryboardName = LaunchScreen;
				INFOPLIST_KEY_UIMainStoryboardFile = Main;
				INFOPLIST_KEY_UISupportedInterfaceOrientations = UIInterfaceOrientationPortrait;
				INFOPLIST_KEY_UISupportedInterfaceOrientations_iPad = "UIInterfaceOrientationPortrait UIInterfaceOrientationPortraitUpsideDown";
				IPHONEOS_DEPLOYMENT_TARGET = 16.6;
				LD_RUNPATH_SEARCH_PATHS = (
					"$(inherited)",
					"@executable_path/Frameworks",
				);
				MARKETING_VERSION = 1.0;
				PRODUCT_BUNDLE_IDENTIFIER = DON.Teebay;
				PRODUCT_NAME = "$(TARGET_NAME)";
				PROVISIONING_PROFILE_SPECIFIER = "";
				SWIFT_EMIT_LOC_STRINGS = YES;
				SWIFT_VERSION = 5.0;
				TARGETED_DEVICE_FAMILY = "1,2";
			};
			name = Release;
		};
		1D09AF3D2DFC7C2A00776967 /* Debug */ = {
			isa = XCBuildConfiguration;
			buildSettings = {
				ALWAYS_SEARCH_USER_PATHS = NO;
				ASSETCATALOG_COMPILER_GENERATE_SWIFT_ASSET_SYMBOL_EXTENSIONS = YES;
				CLANG_ANALYZER_NONNULL = YES;
				CLANG_ANALYZER_NUMBER_OBJECT_CONVERSION = YES_AGGRESSIVE;
				CLANG_CXX_LANGUAGE_STANDARD = "gnu++20";
				CLANG_ENABLE_MODULES = YES;
				CLANG_ENABLE_OBJC_ARC = YES;
				CLANG_ENABLE_OBJC_WEAK = YES;
				CLANG_WARN_BLOCK_CAPTURE_AUTORELEASING = YES;
				CLANG_WARN_BOOL_CONVERSION = YES;
				CLANG_WARN_COMMA = YES;
				CLANG_WARN_CONSTANT_CONVERSION = YES;
				CLANG_WARN_DEPRECATED_OBJC_IMPLEMENTATIONS = YES;
				CLANG_WARN_DIRECT_OBJC_ISA_USAGE = YES_ERROR;
				CLANG_WARN_DOCUMENTATION_COMMENTS = YES;
				CLANG_WARN_EMPTY_BODY = YES;
				CLANG_WARN_ENUM_CONVERSION = YES;
				CLANG_WARN_INFINITE_RECURSION = YES;
				CLANG_WARN_INT_CONVERSION = YES;
				CLANG_WARN_NON_LITERAL_NULL_CONVERSION = YES;
				CLANG_WARN_OBJC_IMPLICIT_RETAIN_SELF = YES;
				CLANG_WARN_OBJC_LITERAL_CONVERSION = YES;
				CLANG_WARN_OBJC_ROOT_CLASS = YES_ERROR;
				CLANG_WARN_QUOTED_INCLUDE_IN_FRAMEWORK_HEADER = YES;
				CLANG_WARN_RANGE_LOOP_ANALYSIS = YES;
				CLANG_WARN_STRICT_PROTOTYPES = YES;
				CLANG_WARN_SUSPICIOUS_MOVE = YES;
				CLANG_WARN_UNGUARDED_AVAILABILITY = YES_AGGRESSIVE;
				CLANG_WARN_UNREACHABLE_CODE = YES;
				CLANG_WARN__DUPLICATE_METHOD_MATCH = YES;
				COPY_PHASE_STRIP = NO;
				DEBUG_INFORMATION_FORMAT = dwarf;
				DEVELOPMENT_TEAM = W4X4G28K44;
				ENABLE_STRICT_OBJC_MSGSEND = YES;
				ENABLE_TESTABILITY = YES;
				ENABLE_USER_SCRIPT_SANDBOXING = YES;
				GCC_C_LANGUAGE_STANDARD = gnu17;
				GCC_DYNAMIC_NO_PIC = NO;
				GCC_NO_COMMON_BLOCKS = YES;
				GCC_OPTIMIZATION_LEVEL = 0;
				GCC_PREPROCESSOR_DEFINITIONS = (
					"DEBUG=1",
					"$(inherited)",
				);
				GCC_WARN_64_TO_32_BIT_CONVERSION = YES;
				GCC_WARN_ABOUT_RETURN_TYPE = YES_ERROR;
				GCC_WARN_UNDECLARED_SELECTOR = YES;
				GCC_WARN_UNINITIALIZED_AUTOS = YES_AGGRESSIVE;
				GCC_WARN_UNUSED_FUNCTION = YES;
				GCC_WARN_UNUSED_VARIABLE = YES;
				IPHONEOS_DEPLOYMENT_TARGET = 18.4;
				LOCALIZATION_PREFERS_STRING_CATALOGS = YES;
				MTL_ENABLE_DEBUG_INFO = INCLUDE_SOURCE;
				MTL_FAST_MATH = YES;
				ONLY_ACTIVE_ARCH = YES;
				SDKROOT = iphoneos;
				SWIFT_ACTIVE_COMPILATION_CONDITIONS = "DEBUG $(inherited)";
				SWIFT_OPTIMIZATION_LEVEL = "-Onone";
			};
			name = Debug;
		};
		1D09AF3E2DFC7C2A00776967 /* Release */ = {
			isa = XCBuildConfiguration;
			buildSettings = {
				ALWAYS_SEARCH_USER_PATHS = NO;
				ASSETCATALOG_COMPILER_GENERATE_SWIFT_ASSET_SYMBOL_EXTENSIONS = YES;
				CLANG_ANALYZER_NONNULL = YES;
				CLANG_ANALYZER_NUMBER_OBJECT_CONVERSION = YES_AGGRESSIVE;
				CLANG_CXX_LANGUAGE_STANDARD = "gnu++20";
				CLANG_ENABLE_MODULES = YES;
				CLANG_ENABLE_OBJC_ARC = YES;
				CLANG_ENABLE_OBJC_WEAK = YES;
				CLANG_WARN_BLOCK_CAPTURE_AUTORELEASING = YES;
				CLANG_WARN_BOOL_CONVERSION = YES;
				CLANG_WARN_COMMA = YES;
				CLANG_WARN_CONSTANT_CONVERSION = YES;
				CLANG_WARN_DEPRECATED_OBJC_IMPLEMENTATIONS = YES;
				CLANG_WARN_DIRECT_OBJC_ISA_USAGE = YES_ERROR;
				CLANG_WARN_DOCUMENTATION_COMMENTS = YES;
				CLANG_WARN_EMPTY_BODY = YES;
				CLANG_WARN_ENUM_CONVERSION = YES;
				CLANG_WARN_INFINITE_RECURSION = YES;
				CLANG_WARN_INT_CONVERSION = YES;
				CLANG_WARN_NON_LITERAL_NULL_CONVERSION = YES;
				CLANG_WARN_OBJC_IMPLICIT_RETAIN_SELF = YES;
				CLANG_WARN_OBJC_LITERAL_CONVERSION = YES;
				CLANG_WARN_OBJC_ROOT_CLASS = YES_ERROR;
				CLANG_WARN_QUOTED_INCLUDE_IN_FRAMEWORK_HEADER = YES;
				CLANG_WARN_RANGE_LOOP_ANALYSIS = YES;
				CLANG_WARN_STRICT_PROTOTYPES = YES;
				CLANG_WARN_SUSPICIOUS_MOVE = YES;
				CLANG_WARN_UNGUARDED_AVAILABILITY = YES_AGGRESSIVE;
				CLANG_WARN_UNREACHABLE_CODE = YES;
				CLANG_WARN__DUPLICATE_METHOD_MATCH = YES;
				COPY_PHASE_STRIP = NO;
				DEBUG_INFORMATION_FORMAT = "dwarf-with-dsym";
				DEVELOPMENT_TEAM = W4X4G28K44;
				ENABLE_NS_ASSERTIONS = NO;
				ENABLE_STRICT_OBJC_MSGSEND = YES;
				ENABLE_USER_SCRIPT_SANDBOXING = YES;
				GCC_C_LANGUAGE_STANDARD = gnu17;
				GCC_NO_COMMON_BLOCKS = YES;
				GCC_WARN_64_TO_32_BIT_CONVERSION = YES;
				GCC_WARN_ABOUT_RETURN_TYPE = YES_ERROR;
				GCC_WARN_UNDECLARED_SELECTOR = YES;
				GCC_WARN_UNINITIALIZED_AUTOS = YES_AGGRESSIVE;
				GCC_WARN_UNUSED_FUNCTION = YES;
				GCC_WARN_UNUSED_VARIABLE = YES;
				IPHONEOS_DEPLOYMENT_TARGET = 18.4;
				LOCALIZATION_PREFERS_STRING_CATALOGS = YES;
				MTL_ENABLE_DEBUG_INFO = NO;
				MTL_FAST_MATH = YES;
				SDKROOT = iphoneos;
				SWIFT_COMPILATION_MODE = wholemodule;
				VALIDATE_PRODUCT = YES;
			};
			name = Release;
		};
/* End XCBuildConfiguration section */

/* Begin XCConfigurationList section */
		1D09AF222DFC7C2900776967 /* Build configuration list for PBXProject "Teebay" */ = {
			isa = XCConfigurationList;
			buildConfigurations = (
				1D09AF3D2DFC7C2A00776967 /* Debug */,
				1D09AF3E2DFC7C2A00776967 /* Release */,
			);
			defaultConfigurationIsVisible = 0;
			defaultConfigurationName = Release;
		};
		1D09AF3A2DFC7C2A00776967 /* Build configuration list for PBXNativeTarget "Teebay" */ = {
			isa = XCConfigurationList;
			buildConfigurations = (
				1D09AF3B2DFC7C2A00776967 /* Debug */,
				1D09AF3C2DFC7C2A00776967 /* Release */,
			);
			defaultConfigurationIsVisible = 0;
			defaultConfigurationName = Release;
		};
/* End XCConfigurationList section */
	};
	rootObject = 1D09AF1F2DFC7C2900776967 /* Project object */;
}
